
Microsoft Visual Studio Solution File, Format Version 12.00
# Visual Studio Version 17
VisualStudioVersion = 17.8.34330.188
MinimumVisualStudioVersion = 10.0.40219.1
Project("{FAE04EC0-301F-11D3-BF4B-00C04F79EFBC}") = "APIGateway", "APIGateway\APIGateway.csproj", "{523365CD-68A7-4F93-8022-D680B0A3B921}"
EndProject
Project("{2150E333-8FDC-42A3-9474-1A3956D46DE8}") = "Services", "Services", "{76ECCD99-6581-4BBA-962B-315423A39FE1}"
EndProject
Project("{FAE04EC0-301F-11D3-BF4B-00C04F79EFBC}") = "Contact.API", "Services\ContactAPI\Contact.API\Contact.API.csproj", "{FD1042E6-F4DE-4B2A-868D-A4D759652131}"
EndProject
Project("{FAE04EC0-301F-11D3-BF4B-00C04F79EFBC}") = "Reservation.API", "Services\RestAPI\Reservation.API\Reservation.API.csproj", "{22AE9D76-5BDD-4673-A63D-D42A11E710FC}"
EndProject
Project("{2150E333-8FDC-42A3-9474-1A3956D46DE8}") = "ContactAPI", "ContactAPI", "{8D0FC8D9-59E0-425E-B39C-2B4A44923F94}"
EndProject
Project("{2150E333-8FDC-42A3-9474-1A3956D46DE8}") = "ReservationAPI", "ReservationAPI", "{3BD56CE1-22CE-45B0-A3B9-C69C9E61202E}"
EndProject
Project("{FAE04EC0-301F-11D3-BF4B-00C04F79EFBC}") = "Contact.API.Infrastructure", "Services\ContactAPI\Contact.API.Infrastructure\Contact.API.Infrastructure.csproj", "{10969E3D-71F9-4B77-86DF-BEADCB3E9766}"
EndProject
Project("{FAE04EC0-301F-11D3-BF4B-00C04F79EFBC}") = "Contact.API.Models", "Services\ContactAPI\Contact.API.Models\Contact.API.Models.csproj", "{0374601F-F432-4F56-9DD1-369B3C2FF1F2}"
EndProject
Project("{FAE04EC0-301F-11D3-BF4B-00C04F79EFBC}") = "Contact.API.Services", "Services\ContactAPI\Contact.API.Services\Contact.API.Services.csproj", "{BCE7A8F0-4498-4833-8B1E-C5856F3D5B65}"
EndProject
Project("{FAE04EC0-301F-11D3-BF4B-00C04F79EFBC}") = "Reservation.API.Services", "Services\RestAPI\Reservation.API.Services\Reservation.API.Services.csproj", "{7A5BECDB-F709-47EC-80C6-A43210FFD1DA}"
EndProject
Project("{FAE04EC0-301F-11D3-BF4B-00C04F79EFBC}") = "Reservation.API.Models", "Services\RestAPI\Reservation.API.Models\Reservation.API.Models.csproj", "{A0460E4F-E89A-4862-8496-D6B3B2F8D565}"
EndProject
Project("{FAE04EC0-301F-11D3-BF4B-00C04F79EFBC}") = "Reservation.API.Infrastructure", "Services\RestAPI\Reservation.API.Infrastructure\Reservation.API.Infrastructure.csproj", "{481F1A54-3B1F-4059-816F-C53A536E97B4}"
EndProject
Global
	GlobalSection(SolutionConfigurationPlatforms) = preSolution
		Debug|Any CPU = Debug|Any CPU
		Release|Any CPU = Release|Any CPU
	EndGlobalSection
	GlobalSection(ProjectConfigurationPlatforms) = postSolution
		{523365CD-68A7-4F93-8022-D680B0A3B921}.Debug|Any CPU.ActiveCfg = Debug|Any CPU
		{523365CD-68A7-4F93-8022-D680B0A3B921}.Debug|Any CPU.Build.0 = Debug|Any CPU
		{523365CD-68A7-4F93-8022-D680B0A3B921}.Release|Any CPU.ActiveCfg = Release|Any CPU
		{523365CD-68A7-4F93-8022-D680B0A3B921}.Release|Any CPU.Build.0 = Release|Any CPU
		{FD1042E6-F4DE-4B2A-868D-A4D759652131}.Debug|Any CPU.ActiveCfg = Debug|Any CPU
		{FD1042E6-F4DE-4B2A-868D-A4D759652131}.Debug|Any CPU.Build.0 = Debug|Any CPU
		{FD1042E6-F4DE-4B2A-868D-A4D759652131}.Release|Any CPU.ActiveCfg = Release|Any CPU
		{FD1042E6-F4DE-4B2A-868D-A4D759652131}.Release|Any CPU.Build.0 = Release|Any CPU
		{22AE9D76-5BDD-4673-A63D-D42A11E710FC}.Debug|Any CPU.ActiveCfg = Debug|Any CPU
		{22AE9D76-5BDD-4673-A63D-D42A11E710FC}.Debug|Any CPU.Build.0 = Debug|Any CPU
		{22AE9D76-5BDD-4673-A63D-D42A11E710FC}.Release|Any CPU.ActiveCfg = Release|Any CPU
		{22AE9D76-5BDD-4673-A63D-D42A11E710FC}.Release|Any CPU.Build.0 = Release|Any CPU
		{10969E3D-71F9-4B77-86DF-BEADCB3E9766}.Debug|Any CPU.ActiveCfg = Debug|Any CPU
		{10969E3D-71F9-4B77-86DF-BEADCB3E9766}.Debug|Any CPU.Build.0 = Debug|Any CPU
		{10969E3D-71F9-4B77-86DF-BEADCB3E9766}.Release|Any CPU.ActiveCfg = Release|Any CPU
		{10969E3D-71F9-4B77-86DF-BEADCB3E9766}.Release|Any CPU.Build.0 = Release|Any CPU
		{0374601F-F432-4F56-9DD1-369B3C2FF1F2}.Debug|Any CPU.ActiveCfg = Debug|Any CPU
		{0374601F-F432-4F56-9DD1-369B3C2FF1F2}.Debug|Any CPU.Build.0 = Debug|Any CPU
		{0374601F-F432-4F56-9DD1-369B3C2FF1F2}.Release|Any CPU.ActiveCfg = Release|Any CPU
		{0374601F-F432-4F56-9DD1-369B3C2FF1F2}.Release|Any CPU.Build.0 = Release|Any CPU
		{BCE7A8F0-4498-4833-8B1E-C5856F3D5B65}.Debug|Any CPU.ActiveCfg = Debug|Any CPU
		{BCE7A8F0-4498-4833-8B1E-C5856F3D5B65}.Debug|Any CPU.Build.0 = Debug|Any CPU
		{BCE7A8F0-4498-4833-8B1E-C5856F3D5B65}.Release|Any CPU.ActiveCfg = Release|Any CPU
		{BCE7A8F0-4498-4833-8B1E-C5856F3D5B65}.Release|Any CPU.Build.0 = Release|Any CPU
		{7A5BECDB-F709-47EC-80C6-A43210FFD1DA}.Debug|Any CPU.ActiveCfg = Debug|Any CPU
		{7A5BECDB-F709-47EC-80C6-A43210FFD1DA}.Debug|Any CPU.Build.0 = Debug|Any CPU
		{7A5BECDB-F709-47EC-80C6-A43210FFD1DA}.Release|Any CPU.ActiveCfg = Release|Any CPU
		{7A5BECDB-F709-47EC-80C6-A43210FFD1DA}.Release|Any CPU.Build.0 = Release|Any CPU
		{A0460E4F-E89A-4862-8496-D6B3B2F8D565}.Debug|Any CPU.ActiveCfg = Debug|Any CPU
		{A0460E4F-E89A-4862-8496-D6B3B2F8D565}.Debug|Any CPU.Build.0 = Debug|Any CPU
		{A0460E4F-E89A-4862-8496-D6B3B2F8D565}.Release|Any CPU.ActiveCfg = Release|Any CPU
		{A0460E4F-E89A-4862-8496-D6B3B2F8D565}.Release|Any CPU.Build.0 = Release|Any CPU
		{481F1A54-3B1F-4059-816F-C53A536E97B4}.Debug|Any CPU.ActiveCfg = Debug|Any CPU
		{481F1A54-3B1F-4059-816F-C53A536E97B4}.Debug|Any CPU.Build.0 = Debug|Any CPU
		{481F1A54-3B1F-4059-816F-C53A536E97B4}.Release|Any CPU.ActiveCfg = Release|Any CPU
		{481F1A54-3B1F-4059-816F-C53A536E97B4}.Release|Any CPU.Build.0 = Release|Any CPU
	EndGlobalSection
	GlobalSection(SolutionProperties) = preSolution
		HideSolutionNode = FALSE
	EndGlobalSection
	GlobalSection(NestedProjects) = preSolution
		{FD1042E6-F4DE-4B2A-868D-A4D759652131} = {8D0FC8D9-59E0-425E-B39C-2B4A44923F94}
		{22AE9D76-5BDD-4673-A63D-D42A11E710FC} = {3BD56CE1-22CE-45B0-A3B9-C69C9E61202E}
		{8D0FC8D9-59E0-425E-B39C-2B4A44923F94} = {76ECCD99-6581-4BBA-962B-315423A39FE1}
		{3BD56CE1-22CE-45B0-A3B9-C69C9E61202E} = {76ECCD99-6581-4BBA-962B-315423A39FE1}
		{10969E3D-71F9-4B77-86DF-BEADCB3E9766} = {8D0FC8D9-59E0-425E-B39C-2B4A44923F94}
		{0374601F-F432-4F56-9DD1-369B3C2FF1F2} = {8D0FC8D9-59E0-425E-B39C-2B4A44923F94}
		{BCE7A8F0-4498-4833-8B1E-C5856F3D5B65} = {8D0FC8D9-59E0-425E-B39C-2B4A44923F94}
		{7A5BECDB-F709-47EC-80C6-A43210FFD1DA} = {3BD56CE1-22CE-45B0-A3B9-C69C9E61202E}
		{A0460E4F-E89A-4862-8496-D6B3B2F8D565} = {3BD56CE1-22CE-45B0-A3B9-C69C9E61202E}
		{481F1A54-3B1F-4059-816F-C53A536E97B4} = {3BD56CE1-22CE-45B0-A3B9-C69C9E61202E}
	EndGlobalSection
	GlobalSection(ExtensibilityGlobals) = postSolution
		SolutionGuid = {6946BD59-A694-4DA0-9F74-D97504C1E5E2}
	EndGlobalSection
EndGlobal
